
Microsoft Visual Studio Solution File, Format Version 12.00
# Visual Studio Version 17
VisualStudioVersion = 17.0.32014.148
MinimumVisualStudioVersion = 10.0.40219.1
Project("{FAE04EC0-301F-11D3-BF4B-00C04F79EFBC}") = "CipherSuitesChecker", "CipherSuitesChecker\CipherSuitesChecker.csproj", "{23F96118-EB51-42B2-A6E3-4D7FBAD05898}"
EndProject
Global
	GlobalSection(SolutionConfigurationPlatforms) = preSolution
		Debug|Any CPU = Debug|Any CPU
		Release|Any CPU = Release|Any CPU
	EndGlobalSection
	GlobalSection(ProjectConfigurationPlatforms) = postSolution
		{23F96118-EB51-42B2-A6E3-4D7FBAD05898}.Debug|Any CPU.ActiveCfg = Debug|Any CPU
		{23F96118-EB51-42B2-A6E3-4D7FBAD05898}.Debug|Any CPU.Build.0 = Debug|Any CPU
		{23F96118-EB51-42B2-A6E3-4D7FBAD05898}.Release|Any CPU.ActiveCfg = Release|Any CPU
		{23F96118-EB51-42B2-A6E3-4D7FBAD05898}.Release|Any CPU.Build.0 = Release|Any CPU
	EndGlobalSection
	GlobalSection(SolutionProperties) = preSolution
		HideSolutionNode = FALSE
	EndGlobalSection
	GlobalSection(ExtensibilityGlobals) = postSolution
		SolutionGuid = {0112AD63-A404-446A-BB5D-FD2474142D98}
	EndGlobalSection
EndGlobal
